
Microsoft Visual Studio Solution File, Format Version 12.00
# Visual Studio 15
Project("{FAE04EC0-301F-11D3-BF4B-00C04F79EFBC}") = "UnityEngine.UI", "UnityEngine.UI.csproj", "{96C7790A-E7FA-E50F-2C18-8FB6F7B9A9C7}"
EndProject
Project("{FAE04EC0-301F-11D3-BF4B-00C04F79EFBC}") = "UnityEngine.TestRunner", "UnityEngine.TestRunner.csproj", "{51F91507-A661-23AC-16FD-1A93C22EA188}"
EndProject
Project("{FAE04EC0-301F-11D3-BF4B-00C04F79EFBC}") = "Unity.Mathematics", "Unity.Mathematics.csproj", "{17649AD0-4F12-6033-EBF6-E82FED794E6D}"
EndProject
Project("{FAE04EC0-301F-11D3-BF4B-00C04F79EFBC}") = "Unity.Timeline", "Unity.Timeline.csproj", "{0B56680D-AD11-2774-D445-389B4904FBAC}"
EndProject
Project("{FAE04EC0-301F-11D3-BF4B-00C04F79EFBC}") = "Unity.TextMeshPro", "Unity.TextMeshPro.csproj", "{7D825619-C1D3-2980-95DD-257EAFC8F847}"
EndProject
Project("{FAE04EC0-301F-11D3-BF4B-00C04F79EFBC}") = "Unity.2D.Animation.Runtime", "Unity.2D.Animation.Runtime.csproj", "{6C8DD3A8-478B-B8B3-EC9E-FAF26709990D}"
EndProject
Project("{FAE04EC0-301F-11D3-BF4B-00C04F79EFBC}") = "Unity.2D.IK.Runtime", "Unity.2D.IK.Runtime.csproj", "{A6D9DE28-05F3-86C3-4D8B-3916FAD76498}"
EndProject
Project("{FAE04EC0-301F-11D3-BF4B-00C04F79EFBC}") = "Unity.2D.SpriteShape.Runtime", "Unity.2D.SpriteShape.Runtime.csproj", "{CE65D783-B631-B7F2-4706-B7288FEA7E70}"
EndProject
Project("{FAE04EC0-301F-11D3-BF4B-00C04F79EFBC}") = "Assembly-CSharp", "Assembly-CSharp.csproj", "{A9271820-4AB6-5A1B-F886-CC52006A1CE4}"
EndProject
Project("{FAE04EC0-301F-11D3-BF4B-00C04F79EFBC}") = "Unity.2D.PixelPerfect", "Unity.2D.PixelPerfect.csproj", "{855AFDA6-CA57-D35D-7B35-6CA306BD100F}"
EndProject
Project("{FAE04EC0-301F-11D3-BF4B-00C04F79EFBC}") = "Unity.2D.Common.Runtime", "Unity.2D.Common.Runtime.csproj", "{FEC6D133-120D-C1BA-6983-17EC4D591515}"
EndProject
Project("{FAE04EC0-301F-11D3-BF4B-00C04F79EFBC}") = "Unity.InternalAPIEngineBridge.001", "Unity.InternalAPIEngineBridge.001.csproj", "{0C150F7E-8030-A042-DE52-560EB9549753}"
EndProject
Project("{FAE04EC0-301F-11D3-BF4B-00C04F79EFBC}") = "UnityEditor.TestRunner", "UnityEditor.TestRunner.csproj", "{EA8341DC-EA2A-5916-E052-2F3E10B510FD}"
EndProject
Project("{FAE04EC0-301F-11D3-BF4B-00C04F79EFBC}") = "Unity.PlasticSCM.Editor", "Unity.PlasticSCM.Editor.csproj", "{2632FAAD-A27B-5AE3-B099-34B0660B1C3C}"
EndProject
Project("{FAE04EC0-301F-11D3-BF4B-00C04F79EFBC}") = "Unity.2D.Animation.Triangle.Editor", "Unity.2D.Animation.Triangle.Editor.csproj", "{3AC96537-1259-7CB8-5EB9-702EC844D03A}"
EndProject
Project("{FAE04EC0-301F-11D3-BF4B-00C04F79EFBC}") = "UnityEditor.UI", "UnityEditor.UI.csproj", "{D816BF6B-C573-DEE1-8EE2-4EBEF5CBD444}"
EndProject
Project("{FAE04EC0-301F-11D3-BF4B-00C04F79EFBC}") = "Unity.Services.Core.Editor", "Unity.Services.Core.Editor.csproj", "{1B75209A-3DF9-751F-4D17-482B62295FB8}"
EndProject
Project("{FAE04EC0-301F-11D3-BF4B-00C04F79EFBC}") = "Unity.Timeline.Editor", "Unity.Timeline.Editor.csproj", "{AD564B36-B3CF-2A0F-3CA6-5E76581FA8FE}"
EndProject
Project("{FAE04EC0-301F-11D3-BF4B-00C04F79EFBC}") = "Unity.VisualStudio.Editor", "Unity.VisualStudio.Editor.csproj", "{B26E5529-6391-416B-54A6-0366ACE9DB17}"
EndProject
Project("{FAE04EC0-301F-11D3-BF4B-00C04F79EFBC}") = "Unity.2D.Psdimporter.Editor", "Unity.2D.Psdimporter.Editor.csproj", "{54A28175-4AC2-5253-D389-F9E7B66E9C97}"
EndProject
Project("{FAE04EC0-301F-11D3-BF4B-00C04F79EFBC}") = "Unity.2D.Animation.Editor", "Unity.2D.Animation.Editor.csproj", "{17B73D7D-D2E1-87DF-2E26-DF0CC05D011D}"
EndProject
Project("{FAE04EC0-301F-11D3-BF4B-00C04F79EFBC}") = "Unity.TextMeshPro.Editor", "Unity.TextMeshPro.Editor.csproj", "{AA52ABDE-12CC-2638-5D6C-D6E0B4E3D13D}"
EndProject
Project("{FAE04EC0-301F-11D3-BF4B-00C04F79EFBC}") = "Unity.2D.SpriteShape.Editor", "Unity.2D.SpriteShape.Editor.csproj", "{9473F095-B255-BF9E-6222-49BC8E0D18CE}"
EndProject
Project("{FAE04EC0-301F-11D3-BF4B-00C04F79EFBC}") = "Unity.CollabProxy.Editor", "Unity.CollabProxy.Editor.csproj", "{226BCE27-BBA5-ADD9-2F32-0B33AD8DF355}"
EndProject
Project("{FAE04EC0-301F-11D3-BF4B-00C04F79EFBC}") = "PsdPlugin", "PsdPlugin.csproj", "{A5168D53-C198-249C-3DDC-EE4BFA734DC1}"
EndProject
Project("{FAE04EC0-301F-11D3-BF4B-00C04F79EFBC}") = "Unity.2D.Path.Editor", "Unity.2D.Path.Editor.csproj", "{0A91BD56-844E-EA0D-C937-B95538655161}"
EndProject
Project("{FAE04EC0-301F-11D3-BF4B-00C04F79EFBC}") = "Unity.Rider.Editor", "Unity.Rider.Editor.csproj", "{64961C19-DA51-E89B-4FEA-ABD7F09EB812}"
EndProject
Project("{FAE04EC0-301F-11D3-BF4B-00C04F79EFBC}") = "Unity.2D.IK.Editor", "Unity.2D.IK.Editor.csproj", "{2A8A05E8-14FC-0EED-F7DD-4B2580A1D26C}"
EndProject
Project("{FAE04EC0-301F-11D3-BF4B-00C04F79EFBC}") = "Unity.2D.Sprite.Editor", "Unity.2D.Sprite.Editor.csproj", "{4E4AE6E9-AE3A-8239-F353-787D86AE97F7}"
EndProject
Project("{FAE04EC0-301F-11D3-BF4B-00C04F79EFBC}") = "Unity.2D.Tilemap.Editor", "Unity.2D.Tilemap.Editor.csproj", "{66A3B90D-E159-7DA8-9683-6517EA9DD089}"
EndProject
Project("{FAE04EC0-301F-11D3-BF4B-00C04F79EFBC}") = "Unity.2D.PixelPerfect.Editor", "Unity.2D.PixelPerfect.Editor.csproj", "{7B108C42-FDB0-C9E9-7FF3-BBF6BFF5B7E7}"
EndProject
Project("{FAE04EC0-301F-11D3-BF4B-00C04F79EFBC}") = "Unity.VSCode.Editor", "Unity.VSCode.Editor.csproj", "{8000A3CF-FBBA-B7A8-774F-71D496FD090B}"
EndProject
Project("{FAE04EC0-301F-11D3-BF4B-00C04F79EFBC}") = "Unity.2D.Common.Editor", "Unity.2D.Common.Editor.csproj", "{99AC44BA-33FF-B7EE-BBE4-CC5C5609DFAC}"
EndProject
Project("{FAE04EC0-301F-11D3-BF4B-00C04F79EFBC}") = "Unity.Mathematics.Editor", "Unity.Mathematics.Editor.csproj", "{DD306D20-B8AF-A3BF-2F0B-D5B50FFFC99A}"
EndProject
Project("{FAE04EC0-301F-11D3-BF4B-00C04F79EFBC}") = "Unity.InternalAPIEditorBridge.001", "Unity.InternalAPIEditorBridge.001.csproj", "{9E1C5C35-62D0-9D73-340B-31A9F631D418}"
EndProject
Project("{FAE04EC0-301F-11D3-BF4B-00C04F79EFBC}") = "UnityEngine.UI", "UnityEngine.UI.Player.csproj", "{6692B983-E918-C095-8180-AF03DEF59AF6}"
EndProject
Project("{FAE04EC0-301F-11D3-BF4B-00C04F79EFBC}") = "UnityEngine.TestRunner", "UnityEngine.TestRunner.Player.csproj", "{B05CEE21-1BBB-E872-B71A-D2E4CFA55416}"
EndProject
Project("{FAE04EC0-301F-11D3-BF4B-00C04F79EFBC}") = "Unity.Mathematics", "Unity.Mathematics.Player.csproj", "{C80E2415-CEC2-A72F-8A97-B89808EB8192}"
EndProject
Project("{FAE04EC0-301F-11D3-BF4B-00C04F79EFBC}") = "Unity.Timeline", "Unity.Timeline.Player.csproj", "{76CCD746-2AB8-0DC6-F1B5-860FDABDDB8C}"
EndProject
Project("{FAE04EC0-301F-11D3-BF4B-00C04F79EFBC}") = "Unity.TextMeshPro", "Unity.TextMeshPro.Player.csproj", "{A81E5E79-4F44-98DE-F392-885549666079}"
EndProject
Project("{FAE04EC0-301F-11D3-BF4B-00C04F79EFBC}") = "Unity.2D.Animation.Runtime", "Unity.2D.Animation.Runtime.Player.csproj", "{F257FB22-E5BB-7E9D-F484-0E6BC3242059}"
EndProject
Project("{FAE04EC0-301F-11D3-BF4B-00C04F79EFBC}") = "Unity.2D.IK.Runtime", "Unity.2D.IK.Runtime.Player.csproj", "{A9496653-02FA-5C86-8E08-FAA559EE2385}"
EndProject
Project("{FAE04EC0-301F-11D3-BF4B-00C04F79EFBC}") = "Unity.2D.SpriteShape.Runtime", "Unity.2D.SpriteShape.Runtime.Player.csproj", "{649A54CA-3CA2-0907-C6A8-9701C024C456}"
EndProject
Project("{FAE04EC0-301F-11D3-BF4B-00C04F79EFBC}") = "Assembly-CSharp", "Assembly-CSharp.Player.csproj", "{33530A29-6E0F-3245-6E4C-D185C61BBE66}"
EndProject
Project("{FAE04EC0-301F-11D3-BF4B-00C04F79EFBC}") = "Unity.2D.PixelPerfect", "Unity.2D.PixelPerfect.Player.csproj", "{A140E185-32E2-DAC3-A301-41A930DBDB57}"
EndProject
Project("{FAE04EC0-301F-11D3-BF4B-00C04F79EFBC}") = "Unity.2D.Common.Runtime", "Unity.2D.Common.Runtime.Player.csproj", "{D61FEAC8-47EE-BC55-E2BB-982A0F259F46}"
EndProject
Project("{FAE04EC0-301F-11D3-BF4B-00C04F79EFBC}") = "Unity.InternalAPIEngineBridge.001", "Unity.InternalAPIEngineBridge.001.Player.csproj", "{E7870D86-41AC-BAE7-6B5D-D3F0ADEB9B44}"
EndProject
Global
	GlobalSection(SolutionConfigurationPlatforms) = preSolution
		Debug|Any CPU = Debug|Any CPU
		Release|Any CPU = Release|Any CPU
	EndGlobalSection
	GlobalSection(ProjectConfigurationPlatforms) = postSolution
		{96C7790A-E7FA-E50F-2C18-8FB6F7B9A9C7}.Debug|Any CPU.ActiveCfg = Debug|Any CPU
		{96C7790A-E7FA-E50F-2C18-8FB6F7B9A9C7}.Debug|Any CPU.Build.0 = Debug|Any CPU
		{96C7790A-E7FA-E50F-2C18-8FB6F7B9A9C7}.Release|Any CPU.ActiveCfg = Release|Any CPU
		{96C7790A-E7FA-E50F-2C18-8FB6F7B9A9C7}.Release|Any CPU.Build.0 = Release|Any CPU
		{51F91507-A661-23AC-16FD-1A93C22EA188}.Debug|Any CPU.ActiveCfg = Debug|Any CPU
		{51F91507-A661-23AC-16FD-1A93C22EA188}.Debug|Any CPU.Build.0 = Debug|Any CPU
		{51F91507-A661-23AC-16FD-1A93C22EA188}.Release|Any CPU.ActiveCfg = Release|Any CPU
		{51F91507-A661-23AC-16FD-1A93C22EA188}.Release|Any CPU.Build.0 = Release|Any CPU
		{17649AD0-4F12-6033-EBF6-E82FED794E6D}.Debug|Any CPU.ActiveCfg = Debug|Any CPU
		{17649AD0-4F12-6033-EBF6-E82FED794E6D}.Debug|Any CPU.Build.0 = Debug|Any CPU
		{17649AD0-4F12-6033-EBF6-E82FED794E6D}.Release|Any CPU.ActiveCfg = Release|Any CPU
		{17649AD0-4F12-6033-EBF6-E82FED794E6D}.Release|Any CPU.Build.0 = Release|Any CPU
		{0B56680D-AD11-2774-D445-389B4904FBAC}.Debug|Any CPU.ActiveCfg = Debug|Any CPU
		{0B56680D-AD11-2774-D445-389B4904FBAC}.Debug|Any CPU.Build.0 = Debug|Any CPU
		{0B56680D-AD11-2774-D445-389B4904FBAC}.Release|Any CPU.ActiveCfg = Release|Any CPU
		{0B56680D-AD11-2774-D445-389B4904FBAC}.Release|Any CPU.Build.0 = Release|Any CPU
		{7D825619-C1D3-2980-95DD-257EAFC8F847}.Debug|Any CPU.ActiveCfg = Debug|Any CPU
		{7D825619-C1D3-2980-95DD-257EAFC8F847}.Debug|Any CPU.Build.0 = Debug|Any CPU
		{7D825619-C1D3-2980-95DD-257EAFC8F847}.Release|Any CPU.ActiveCfg = Release|Any CPU
		{7D825619-C1D3-2980-95DD-257EAFC8F847}.Release|Any CPU.Build.0 = Release|Any CPU
		{6C8DD3A8-478B-B8B3-EC9E-FAF26709990D}.Debug|Any CPU.ActiveCfg = Debug|Any CPU
		{6C8DD3A8-478B-B8B3-EC9E-FAF26709990D}.Debug|Any CPU.Build.0 = Debug|Any CPU
		{6C8DD3A8-478B-B8B3-EC9E-FAF26709990D}.Release|Any CPU.ActiveCfg = Release|Any CPU
		{6C8DD3A8-478B-B8B3-EC9E-FAF26709990D}.Release|Any CPU.Build.0 = Release|Any CPU
		{A6D9DE28-05F3-86C3-4D8B-3916FAD76498}.Debug|Any CPU.ActiveCfg = Debug|Any CPU
		{A6D9DE28-05F3-86C3-4D8B-3916FAD76498}.Debug|Any CPU.Build.0 = Debug|Any CPU
		{A6D9DE28-05F3-86C3-4D8B-3916FAD76498}.Release|Any CPU.ActiveCfg = Release|Any CPU
		{A6D9DE28-05F3-86C3-4D8B-3916FAD76498}.Release|Any CPU.Build.0 = Release|Any CPU
		{CE65D783-B631-B7F2-4706-B7288FEA7E70}.Debug|Any CPU.ActiveCfg = Debug|Any CPU
		{CE65D783-B631-B7F2-4706-B7288FEA7E70}.Debug|Any CPU.Build.0 = Debug|Any CPU
		{CE65D783-B631-B7F2-4706-B7288FEA7E70}.Release|Any CPU.ActiveCfg = Release|Any CPU
		{CE65D783-B631-B7F2-4706-B7288FEA7E70}.Release|Any CPU.Build.0 = Release|Any CPU
		{A9271820-4AB6-5A1B-F886-CC52006A1CE4}.Debug|Any CPU.ActiveCfg = Debug|Any CPU
		{A9271820-4AB6-5A1B-F886-CC52006A1CE4}.Debug|Any CPU.Build.0 = Debug|Any CPU
		{A9271820-4AB6-5A1B-F886-CC52006A1CE4}.Release|Any CPU.ActiveCfg = Release|Any CPU
		{A9271820-4AB6-5A1B-F886-CC52006A1CE4}.Release|Any CPU.Build.0 = Release|Any CPU
		{855AFDA6-CA57-D35D-7B35-6CA306BD100F}.Debug|Any CPU.ActiveCfg = Debug|Any CPU
		{855AFDA6-CA57-D35D-7B35-6CA306BD100F}.Debug|Any CPU.Build.0 = Debug|Any CPU
		{855AFDA6-CA57-D35D-7B35-6CA306BD100F}.Release|Any CPU.ActiveCfg = Release|Any CPU
		{855AFDA6-CA57-D35D-7B35-6CA306BD100F}.Release|Any CPU.Build.0 = Release|Any CPU
		{FEC6D133-120D-C1BA-6983-17EC4D591515}.Debug|Any CPU.ActiveCfg = Debug|Any CPU
		{FEC6D133-120D-C1BA-6983-17EC4D591515}.Debug|Any CPU.Build.0 = Debug|Any CPU
		{FEC6D133-120D-C1BA-6983-17EC4D591515}.Release|Any CPU.ActiveCfg = Release|Any CPU
		{FEC6D133-120D-C1BA-6983-17EC4D591515}.Release|Any CPU.Build.0 = Release|Any CPU
		{0C150F7E-8030-A042-DE52-560EB9549753}.Debug|Any CPU.ActiveCfg = Debug|Any CPU
		{0C150F7E-8030-A042-DE52-560EB9549753}.Debug|Any CPU.Build.0 = Debug|Any CPU
		{0C150F7E-8030-A042-DE52-560EB9549753}.Release|Any CPU.ActiveCfg = Release|Any CPU
		{0C150F7E-8030-A042-DE52-560EB9549753}.Release|Any CPU.Build.0 = Release|Any CPU
		{EA8341DC-EA2A-5916-E052-2F3E10B510FD}.Debug|Any CPU.ActiveCfg = Debug|Any CPU
		{EA8341DC-EA2A-5916-E052-2F3E10B510FD}.Debug|Any CPU.Build.0 = Debug|Any CPU
		{EA8341DC-EA2A-5916-E052-2F3E10B510FD}.Release|Any CPU.ActiveCfg = Release|Any CPU
		{EA8341DC-EA2A-5916-E052-2F3E10B510FD}.Release|Any CPU.Build.0 = Release|Any CPU
		{2632FAAD-A27B-5AE3-B099-34B0660B1C3C}.Debug|Any CPU.ActiveCfg = Debug|Any CPU
		{2632FAAD-A27B-5AE3-B099-34B0660B1C3C}.Debug|Any CPU.Build.0 = Debug|Any CPU
		{2632FAAD-A27B-5AE3-B099-34B0660B1C3C}.Release|Any CPU.ActiveCfg = Release|Any CPU
		{2632FAAD-A27B-5AE3-B099-34B0660B1C3C}.Release|Any CPU.Build.0 = Release|Any CPU
		{3AC96537-1259-7CB8-5EB9-702EC844D03A}.Debug|Any CPU.ActiveCfg = Debug|Any CPU
		{3AC96537-1259-7CB8-5EB9-702EC844D03A}.Debug|Any CPU.Build.0 = Debug|Any CPU
		{3AC96537-1259-7CB8-5EB9-702EC844D03A}.Release|Any CPU.ActiveCfg = Release|Any CPU
		{3AC96537-1259-7CB8-5EB9-702EC844D03A}.Release|Any CPU.Build.0 = Release|Any CPU
		{D816BF6B-C573-DEE1-8EE2-4EBEF5CBD444}.Debug|Any CPU.ActiveCfg = Debug|Any CPU
		{D816BF6B-C573-DEE1-8EE2-4EBEF5CBD444}.Debug|Any CPU.Build.0 = Debug|Any CPU
		{D816BF6B-C573-DEE1-8EE2-4EBEF5CBD444}.Release|Any CPU.ActiveCfg = Release|Any CPU
		{D816BF6B-C573-DEE1-8EE2-4EBEF5CBD444}.Release|Any CPU.Build.0 = Release|Any CPU
		{1B75209A-3DF9-751F-4D17-482B62295FB8}.Debug|Any CPU.ActiveCfg = Debug|Any CPU
		{1B75209A-3DF9-751F-4D17-482B62295FB8}.Debug|Any CPU.Build.0 = Debug|Any CPU
		{1B75209A-3DF9-751F-4D17-482B62295FB8}.Release|Any CPU.ActiveCfg = Release|Any CPU
		{1B75209A-3DF9-751F-4D17-482B62295FB8}.Release|Any CPU.Build.0 = Release|Any CPU
		{AD564B36-B3CF-2A0F-3CA6-5E76581FA8FE}.Debug|Any CPU.ActiveCfg = Debug|Any CPU
		{AD564B36-B3CF-2A0F-3CA6-5E76581FA8FE}.Debug|Any CPU.Build.0 = Debug|Any CPU
		{AD564B36-B3CF-2A0F-3CA6-5E76581FA8FE}.Release|Any CPU.ActiveCfg = Release|Any CPU
		{AD564B36-B3CF-2A0F-3CA6-5E76581FA8FE}.Release|Any CPU.Build.0 = Release|Any CPU
		{B26E5529-6391-416B-54A6-0366ACE9DB17}.Debug|Any CPU.ActiveCfg = Debug|Any CPU
		{B26E5529-6391-416B-54A6-0366ACE9DB17}.Debug|Any CPU.Build.0 = Debug|Any CPU
		{B26E5529-6391-416B-54A6-0366ACE9DB17}.Release|Any CPU.ActiveCfg = Release|Any CPU
		{B26E5529-6391-416B-54A6-0366ACE9DB17}.Release|Any CPU.Build.0 = Release|Any CPU
		{54A28175-4AC2-5253-D389-F9E7B66E9C97}.Debug|Any CPU.ActiveCfg = Debug|Any CPU
		{54A28175-4AC2-5253-D389-F9E7B66E9C97}.Debug|Any CPU.Build.0 = Debug|Any CPU
		{54A28175-4AC2-5253-D389-F9E7B66E9C97}.Release|Any CPU.ActiveCfg = Release|Any CPU
		{54A28175-4AC2-5253-D389-F9E7B66E9C97}.Release|Any CPU.Build.0 = Release|Any CPU
		{17B73D7D-D2E1-87DF-2E26-DF0CC05D011D}.Debug|Any CPU.ActiveCfg = Debug|Any CPU
		{17B73D7D-D2E1-87DF-2E26-DF0CC05D011D}.Debug|Any CPU.Build.0 = Debug|Any CPU
		{17B73D7D-D2E1-87DF-2E26-DF0CC05D011D}.Release|Any CPU.ActiveCfg = Release|Any CPU
		{17B73D7D-D2E1-87DF-2E26-DF0CC05D011D}.Release|Any CPU.Build.0 = Release|Any CPU
		{AA52ABDE-12CC-2638-5D6C-D6E0B4E3D13D}.Debug|Any CPU.ActiveCfg = Debug|Any CPU
		{AA52ABDE-12CC-2638-5D6C-D6E0B4E3D13D}.Debug|Any CPU.Build.0 = Debug|Any CPU
		{AA52ABDE-12CC-2638-5D6C-D6E0B4E3D13D}.Release|Any CPU.ActiveCfg = Release|Any CPU
		{AA52ABDE-12CC-2638-5D6C-D6E0B4E3D13D}.Release|Any CPU.Build.0 = Release|Any CPU
		{9473F095-B255-BF9E-6222-49BC8E0D18CE}.Debug|Any CPU.ActiveCfg = Debug|Any CPU
		{9473F095-B255-BF9E-6222-49BC8E0D18CE}.Debug|Any CPU.Build.0 = Debug|Any CPU
		{9473F095-B255-BF9E-6222-49BC8E0D18CE}.Release|Any CPU.ActiveCfg = Release|Any CPU
		{9473F095-B255-BF9E-6222-49BC8E0D18CE}.Release|Any CPU.Build.0 = Release|Any CPU
		{226BCE27-BBA5-ADD9-2F32-0B33AD8DF355}.Debug|Any CPU.ActiveCfg = Debug|Any CPU
		{226BCE27-BBA5-ADD9-2F32-0B33AD8DF355}.Debug|Any CPU.Build.0 = Debug|Any CPU
		{226BCE27-BBA5-ADD9-2F32-0B33AD8DF355}.Release|Any CPU.ActiveCfg = Release|Any CPU
		{226BCE27-BBA5-ADD9-2F32-0B33AD8DF355}.Release|Any CPU.Build.0 = Release|Any CPU
		{A5168D53-C198-249C-3DDC-EE4BFA734DC1}.Debug|Any CPU.ActiveCfg = Debug|Any CPU
		{A5168D53-C198-249C-3DDC-EE4BFA734DC1}.Debug|Any CPU.Build.0 = Debug|Any CPU
		{A5168D53-C198-249C-3DDC-EE4BFA734DC1}.Release|Any CPU.ActiveCfg = Release|Any CPU
		{A5168D53-C198-249C-3DDC-EE4BFA734DC1}.Release|Any CPU.Build.0 = Release|Any CPU
		{0A91BD56-844E-EA0D-C937-B95538655161}.Debug|Any CPU.ActiveCfg = Debug|Any CPU
		{0A91BD56-844E-EA0D-C937-B95538655161}.Debug|Any CPU.Build.0 = Debug|Any CPU
		{0A91BD56-844E-EA0D-C937-B95538655161}.Release|Any CPU.ActiveCfg = Release|Any CPU
		{0A91BD56-844E-EA0D-C937-B95538655161}.Release|Any CPU.Build.0 = Release|Any CPU
		{64961C19-DA51-E89B-4FEA-ABD7F09EB812}.Debug|Any CPU.ActiveCfg = Debug|Any CPU
		{64961C19-DA51-E89B-4FEA-ABD7F09EB812}.Debug|Any CPU.Build.0 = Debug|Any CPU
		{64961C19-DA51-E89B-4FEA-ABD7F09EB812}.Release|Any CPU.ActiveCfg = Release|Any CPU
		{64961C19-DA51-E89B-4FEA-ABD7F09EB812}.Release|Any CPU.Build.0 = Release|Any CPU
		{2A8A05E8-14FC-0EED-F7DD-4B2580A1D26C}.Debug|Any CPU.ActiveCfg = Debug|Any CPU
		{2A8A05E8-14FC-0EED-F7DD-4B2580A1D26C}.Debug|Any CPU.Build.0 = Debug|Any CPU
		{2A8A05E8-14FC-0EED-F7DD-4B2580A1D26C}.Release|Any CPU.ActiveCfg = Release|Any CPU
		{2A8A05E8-14FC-0EED-F7DD-4B2580A1D26C}.Release|Any CPU.Build.0 = Release|Any CPU
		{4E4AE6E9-AE3A-8239-F353-787D86AE97F7}.Debug|Any CPU.ActiveCfg = Debug|Any CPU
		{4E4AE6E9-AE3A-8239-F353-787D86AE97F7}.Debug|Any CPU.Build.0 = Debug|Any CPU
		{4E4AE6E9-AE3A-8239-F353-787D86AE97F7}.Release|Any CPU.ActiveCfg = Release|Any CPU
		{4E4AE6E9-AE3A-8239-F353-787D86AE97F7}.Release|Any CPU.Build.0 = Release|Any CPU
		{66A3B90D-E159-7DA8-9683-6517EA9DD089}.Debug|Any CPU.ActiveCfg = Debug|Any CPU
		{66A3B90D-E159-7DA8-9683-6517EA9DD089}.Debug|Any CPU.Build.0 = Debug|Any CPU
		{66A3B90D-E159-7DA8-9683-6517EA9DD089}.Release|Any CPU.ActiveCfg = Release|Any CPU
		{66A3B90D-E159-7DA8-9683-6517EA9DD089}.Release|Any CPU.Build.0 = Release|Any CPU
		{7B108C42-FDB0-C9E9-7FF3-BBF6BFF5B7E7}.Debug|Any CPU.ActiveCfg = Debug|Any CPU
		{7B108C42-FDB0-C9E9-7FF3-BBF6BFF5B7E7}.Debug|Any CPU.Build.0 = Debug|Any CPU
		{7B108C42-FDB0-C9E9-7FF3-BBF6BFF5B7E7}.Release|Any CPU.ActiveCfg = Release|Any CPU
		{7B108C42-FDB0-C9E9-7FF3-BBF6BFF5B7E7}.Release|Any CPU.Build.0 = Release|Any CPU
		{8000A3CF-FBBA-B7A8-774F-71D496FD090B}.Debug|Any CPU.ActiveCfg = Debug|Any CPU
		{8000A3CF-FBBA-B7A8-774F-71D496FD090B}.Debug|Any CPU.Build.0 = Debug|Any CPU
		{8000A3CF-FBBA-B7A8-774F-71D496FD090B}.Release|Any CPU.ActiveCfg = Release|Any CPU
		{8000A3CF-FBBA-B7A8-774F-71D496FD090B}.Release|Any CPU.Build.0 = Release|Any CPU
		{99AC44BA-33FF-B7EE-BBE4-CC5C5609DFAC}.Debug|Any CPU.ActiveCfg = Debug|Any CPU
		{99AC44BA-33FF-B7EE-BBE4-CC5C5609DFAC}.Debug|Any CPU.Build.0 = Debug|Any CPU
		{99AC44BA-33FF-B7EE-BBE4-CC5C5609DFAC}.Release|Any CPU.ActiveCfg = Release|Any CPU
		{99AC44BA-33FF-B7EE-BBE4-CC5C5609DFAC}.Release|Any CPU.Build.0 = Release|Any CPU
		{DD306D20-B8AF-A3BF-2F0B-D5B50FFFC99A}.Debug|Any CPU.ActiveCfg = Debug|Any CPU
		{DD306D20-B8AF-A3BF-2F0B-D5B50FFFC99A}.Debug|Any CPU.Build.0 = Debug|Any CPU
		{DD306D20-B8AF-A3BF-2F0B-D5B50FFFC99A}.Release|Any CPU.ActiveCfg = Release|Any CPU
		{DD306D20-B8AF-A3BF-2F0B-D5B50FFFC99A}.Release|Any CPU.Build.0 = Release|Any CPU
		{9E1C5C35-62D0-9D73-340B-31A9F631D418}.Debug|Any CPU.ActiveCfg = Debug|Any CPU
		{9E1C5C35-62D0-9D73-340B-31A9F631D418}.Debug|Any CPU.Build.0 = Debug|Any CPU
		{9E1C5C35-62D0-9D73-340B-31A9F631D418}.Release|Any CPU.ActiveCfg = Release|Any CPU
		{9E1C5C35-62D0-9D73-340B-31A9F631D418}.Release|Any CPU.Build.0 = Release|Any CPU
		{6692B983-E918-C095-8180-AF03DEF59AF6}.Debug|Any CPU.ActiveCfg = Debug|Any CPU
		{6692B983-E918-C095-8180-AF03DEF59AF6}.Debug|Any CPU.Build.0 = Debug|Any CPU
		{6692B983-E918-C095-8180-AF03DEF59AF6}.Release|Any CPU.ActiveCfg = Release|Any CPU
		{6692B983-E918-C095-8180-AF03DEF59AF6}.Release|Any CPU.Build.0 = Release|Any CPU
		{B05CEE21-1BBB-E872-B71A-D2E4CFA55416}.Debug|Any CPU.ActiveCfg = Debug|Any CPU
		{B05CEE21-1BBB-E872-B71A-D2E4CFA55416}.Debug|Any CPU.Build.0 = Debug|Any CPU
		{B05CEE21-1BBB-E872-B71A-D2E4CFA55416}.Release|Any CPU.ActiveCfg = Release|Any CPU
		{B05CEE21-1BBB-E872-B71A-D2E4CFA55416}.Release|Any CPU.Build.0 = Release|Any CPU
		{C80E2415-CEC2-A72F-8A97-B89808EB8192}.Debug|Any CPU.ActiveCfg = Debug|Any CPU
		{C80E2415-CEC2-A72F-8A97-B89808EB8192}.Debug|Any CPU.Build.0 = Debug|Any CPU
		{C80E2415-CEC2-A72F-8A97-B89808EB8192}.Release|Any CPU.ActiveCfg = Release|Any CPU
		{C80E2415-CEC2-A72F-8A97-B89808EB8192}.Release|Any CPU.Build.0 = Release|Any CPU
		{76CCD746-2AB8-0DC6-F1B5-860FDABDDB8C}.Debug|Any CPU.ActiveCfg = Debug|Any CPU
		{76CCD746-2AB8-0DC6-F1B5-860FDABDDB8C}.Debug|Any CPU.Build.0 = Debug|Any CPU
		{76CCD746-2AB8-0DC6-F1B5-860FDABDDB8C}.Release|Any CPU.ActiveCfg = Release|Any CPU
		{76CCD746-2AB8-0DC6-F1B5-860FDABDDB8C}.Release|Any CPU.Build.0 = Release|Any CPU
		{A81E5E79-4F44-98DE-F392-885549666079}.Debug|Any CPU.ActiveCfg = Debug|Any CPU
		{A81E5E79-4F44-98DE-F392-885549666079}.Debug|Any CPU.Build.0 = Debug|Any CPU
		{A81E5E79-4F44-98DE-F392-885549666079}.Release|Any CPU.ActiveCfg = Release|Any CPU
		{A81E5E79-4F44-98DE-F392-885549666079}.Release|Any CPU.Build.0 = Release|Any CPU
		{F257FB22-E5BB-7E9D-F484-0E6BC3242059}.Debug|Any CPU.ActiveCfg = Debug|Any CPU
		{F257FB22-E5BB-7E9D-F484-0E6BC3242059}.Debug|Any CPU.Build.0 = Debug|Any CPU
		{F257FB22-E5BB-7E9D-F484-0E6BC3242059}.Release|Any CPU.ActiveCfg = Release|Any CPU
		{F257FB22-E5BB-7E9D-F484-0E6BC3242059}.Release|Any CPU.Build.0 = Release|Any CPU
		{A9496653-02FA-5C86-8E08-FAA559EE2385}.Debug|Any CPU.ActiveCfg = Debug|Any CPU
		{A9496653-02FA-5C86-8E08-FAA559EE2385}.Debug|Any CPU.Build.0 = Debug|Any CPU
		{A9496653-02FA-5C86-8E08-FAA559EE2385}.Release|Any CPU.ActiveCfg = Release|Any CPU
		{A9496653-02FA-5C86-8E08-FAA559EE2385}.Release|Any CPU.Build.0 = Release|Any CPU
		{649A54CA-3CA2-0907-C6A8-9701C024C456}.Debug|Any CPU.ActiveCfg = Debug|Any CPU
		{649A54CA-3CA2-0907-C6A8-9701C024C456}.Debug|Any CPU.Build.0 = Debug|Any CPU
		{649A54CA-3CA2-0907-C6A8-9701C024C456}.Release|Any CPU.ActiveCfg = Release|Any CPU
		{649A54CA-3CA2-0907-C6A8-9701C024C456}.Release|Any CPU.Build.0 = Release|Any CPU
		{33530A29-6E0F-3245-6E4C-D185C61BBE66}.Debug|Any CPU.ActiveCfg = Debug|Any CPU
		{33530A29-6E0F-3245-6E4C-D185C61BBE66}.Debug|Any CPU.Build.0 = Debug|Any CPU
		{33530A29-6E0F-3245-6E4C-D185C61BBE66}.Release|Any CPU.ActiveCfg = Release|Any CPU
		{33530A29-6E0F-3245-6E4C-D185C61BBE66}.Release|Any CPU.Build.0 = Release|Any CPU
		{A140E185-32E2-DAC3-A301-41A930DBDB57}.Debug|Any CPU.ActiveCfg = Debug|Any CPU
		{A140E185-32E2-DAC3-A301-41A930DBDB57}.Debug|Any CPU.Build.0 = Debug|Any CPU
		{A140E185-32E2-DAC3-A301-41A930DBDB57}.Release|Any CPU.ActiveCfg = Release|Any CPU
		{A140E185-32E2-DAC3-A301-41A930DBDB57}.Release|Any CPU.Build.0 = Release|Any CPU
		{D61FEAC8-47EE-BC55-E2BB-982A0F259F46}.Debug|Any CPU.ActiveCfg = Debug|Any CPU
		{D61FEAC8-47EE-BC55-E2BB-982A0F259F46}.Debug|Any CPU.Build.0 = Debug|Any CPU
		{D61FEAC8-47EE-BC55-E2BB-982A0F259F46}.Release|Any CPU.ActiveCfg = Release|Any CPU
		{D61FEAC8-47EE-BC55-E2BB-982A0F259F46}.Release|Any CPU.Build.0 = Release|Any CPU
		{E7870D86-41AC-BAE7-6B5D-D3F0ADEB9B44}.Debug|Any CPU.ActiveCfg = Debug|Any CPU
		{E7870D86-41AC-BAE7-6B5D-D3F0ADEB9B44}.Debug|Any CPU.Build.0 = Debug|Any CPU
		{E7870D86-41AC-BAE7-6B5D-D3F0ADEB9B44}.Release|Any CPU.ActiveCfg = Release|Any CPU
		{E7870D86-41AC-BAE7-6B5D-D3F0ADEB9B44}.Release|Any CPU.Build.0 = Release|Any CPU
	EndGlobalSection
	GlobalSection(SolutionProperties) = preSolution
		HideSolutionNode = FALSE
	EndGlobalSection
EndGlobal
